
Microsoft Visual Studio Solution File, Format Version 12.00
# Visual Studio Version 16
VisualStudioVersion = 16.0.31515.178
MinimumVisualStudioVersion = 10.0.40219.1
Project("{FAE04EC0-301F-11D3-BF4B-00C04F79EFBC}") = "CatalogoDaZo", "CatalogoDaZo\CatalogoDaZo.csproj", "{E39996BC-BE38-4F59-AB71-49DD3DF910AB}"
EndProject
Global
	GlobalSection(SolutionConfigurationPlatforms) = preSolution
		Debug|Any CPU = Debug|Any CPU
		Release|Any CPU = Release|Any CPU
	EndGlobalSection
	GlobalSection(ProjectConfigurationPlatforms) = postSolution
		{E39996BC-BE38-4F59-AB71-49DD3DF910AB}.Debug|Any CPU.ActiveCfg = Debug|Any CPU
		{E39996BC-BE38-4F59-AB71-49DD3DF910AB}.Debug|Any CPU.Build.0 = Debug|Any CPU
		{E39996BC-BE38-4F59-AB71-49DD3DF910AB}.Release|Any CPU.ActiveCfg = Release|Any CPU
		{E39996BC-BE38-4F59-AB71-49DD3DF910AB}.Release|Any CPU.Build.0 = Release|Any CPU
	EndGlobalSection
	GlobalSection(SolutionProperties) = preSolution
		HideSolutionNode = FALSE
	EndGlobalSection
	GlobalSection(ExtensibilityGlobals) = postSolution
		SolutionGuid = {26331D56-15DE-4ADB-823F-1F8D3B33AD94}
	EndGlobalSection
EndGlobal
